
Microsoft Visual Studio Solution File, Format Version 12.00
# Visual Studio Version 16
VisualStudioVersion = 16.0.29926.136
MinimumVisualStudioVersion = 10.0.40219.1
Project("{FAE04EC0-301F-11D3-BF4B-00C04F79EFBC}") = "APDRequestBoardLibrary", "APDRequestBoardLibrary\APDRequestBoardLibrary.csproj", "{671563EC-A5B6-44EC-9FCC-D2C770B22CD7}"
EndProject
Project("{FAE04EC0-301F-11D3-BF4B-00C04F79EFBC}") = "APDRequestBoardUI", "APDRequestBoardUI\APDRequestBoardUI.csproj", "{FD7D6933-1860-403D-B2BD-7B2AE4452C23}"
EndProject
Global
	GlobalSection(SolutionConfigurationPlatforms) = preSolution
		Debug|Any CPU = Debug|Any CPU
		Release|Any CPU = Release|Any CPU
	EndGlobalSection
	GlobalSection(ProjectConfigurationPlatforms) = postSolution
		{671563EC-A5B6-44EC-9FCC-D2C770B22CD7}.Debug|Any CPU.ActiveCfg = Debug|Any CPU
		{671563EC-A5B6-44EC-9FCC-D2C770B22CD7}.Debug|Any CPU.Build.0 = Debug|Any CPU
		{671563EC-A5B6-44EC-9FCC-D2C770B22CD7}.Release|Any CPU.ActiveCfg = Release|Any CPU
		{671563EC-A5B6-44EC-9FCC-D2C770B22CD7}.Release|Any CPU.Build.0 = Release|Any CPU
		{FD7D6933-1860-403D-B2BD-7B2AE4452C23}.Debug|Any CPU.ActiveCfg = Debug|Any CPU
		{FD7D6933-1860-403D-B2BD-7B2AE4452C23}.Debug|Any CPU.Build.0 = Debug|Any CPU
		{FD7D6933-1860-403D-B2BD-7B2AE4452C23}.Release|Any CPU.ActiveCfg = Release|Any CPU
		{FD7D6933-1860-403D-B2BD-7B2AE4452C23}.Release|Any CPU.Build.0 = Release|Any CPU
	EndGlobalSection
	GlobalSection(SolutionProperties) = preSolution
		HideSolutionNode = FALSE
	EndGlobalSection
	GlobalSection(ExtensibilityGlobals) = postSolution
		SolutionGuid = {6A2381B5-7194-440A-97E2-272722161C42}
	EndGlobalSection
EndGlobal
